
Microsoft Visual Studio Solution File, Format Version 12.00
# Visual Studio Version 17
VisualStudioVersion = 17.2.32630.192
MinimumVisualStudioVersion = 10.0.40219.1
Project("{FAE04EC0-301F-11D3-BF4B-00C04F79EFBC}") = "CrawlDataWebsiteToolBasic", "CrawlDataWebsiteToolBasic.csproj", "{EC86BB53-0A82-419D-A4F0-EFFCE0A3AF8F}"
EndProject
Global
	GlobalSection(SolutionConfigurationPlatforms) = preSolution
		Debug|Any CPU = Debug|Any CPU
		Release|Any CPU = Release|Any CPU
	EndGlobalSection
	GlobalSection(ProjectConfigurationPlatforms) = postSolution
		{EC86BB53-0A82-419D-A4F0-EFFCE0A3AF8F}.Debug|Any CPU.ActiveCfg = Debug|Any CPU
		{EC86BB53-0A82-419D-A4F0-EFFCE0A3AF8F}.Debug|Any CPU.Build.0 = Debug|Any CPU
		{EC86BB53-0A82-419D-A4F0-EFFCE0A3AF8F}.Release|Any CPU.ActiveCfg = Release|Any CPU
		{EC86BB53-0A82-419D-A4F0-EFFCE0A3AF8F}.Release|Any CPU.Build.0 = Release|Any CPU
	EndGlobalSection
	GlobalSection(SolutionProperties) = preSolution
		HideSolutionNode = FALSE
	EndGlobalSection
	GlobalSection(ExtensibilityGlobals) = postSolution
		SolutionGuid = {6CCCE5C0-FC06-42D8-B528-293C91A23CF7}
	EndGlobalSection
EndGlobal
